
Microsoft Visual Studio Solution File, Format Version 12.00
Project("{FAE04EC0-301F-11D3-BF4B-00C04F79EFBC}") = "Dson-Core", "Dson\Dson.csproj", "{3BD989D7-E9BB-4F2A-86C2-1E7953582518}"
EndProject
Project("{FAE04EC0-301F-11D3-BF4B-00C04F79EFBC}") = "Dson.Tests", "Dson.Tests\Dson.Tests.csproj", "{F23582ED-054E-4EDB-89F4-5E6F1C04B3B2}"
EndProject
Project("{FAE04EC0-301F-11D3-BF4B-00C04F79EFBC}") = "Dson.Codec", "Dson.Codec\Dson.Codec.csproj", "{71133C54-A574-441D-B2F2-2BDB0D08F786}"
EndProject
Global
	GlobalSection(SolutionConfigurationPlatforms) = preSolution
		Debug|Any CPU = Debug|Any CPU
		Release|Any CPU = Release|Any CPU
	EndGlobalSection
	GlobalSection(ProjectConfigurationPlatforms) = postSolution
		{3BD989D7-E9BB-4F2A-86C2-1E7953582518}.Debug|Any CPU.ActiveCfg = Debug|Any CPU
		{3BD989D7-E9BB-4F2A-86C2-1E7953582518}.Debug|Any CPU.Build.0 = Debug|Any CPU
		{3BD989D7-E9BB-4F2A-86C2-1E7953582518}.Release|Any CPU.ActiveCfg = Release|Any CPU
		{3BD989D7-E9BB-4F2A-86C2-1E7953582518}.Release|Any CPU.Build.0 = Release|Any CPU
		{F23582ED-054E-4EDB-89F4-5E6F1C04B3B2}.Debug|Any CPU.ActiveCfg = Debug|Any CPU
		{F23582ED-054E-4EDB-89F4-5E6F1C04B3B2}.Debug|Any CPU.Build.0 = Debug|Any CPU
		{F23582ED-054E-4EDB-89F4-5E6F1C04B3B2}.Release|Any CPU.ActiveCfg = Release|Any CPU
		{F23582ED-054E-4EDB-89F4-5E6F1C04B3B2}.Release|Any CPU.Build.0 = Release|Any CPU
		{71133C54-A574-441D-B2F2-2BDB0D08F786}.Debug|Any CPU.ActiveCfg = Debug|Any CPU
		{71133C54-A574-441D-B2F2-2BDB0D08F786}.Debug|Any CPU.Build.0 = Debug|Any CPU
		{71133C54-A574-441D-B2F2-2BDB0D08F786}.Release|Any CPU.ActiveCfg = Release|Any CPU
		{71133C54-A574-441D-B2F2-2BDB0D08F786}.Release|Any CPU.Build.0 = Release|Any CPU
	EndGlobalSection
EndGlobal
